
Microsoft Visual Studio Solution File, Format Version 12.00
# Visual Studio 15
VisualStudioVersion = 15.0.27703.2000
MinimumVisualStudioVersion = 10.0.40219.1
Project("{FAE04EC0-301F-11D3-BF4B-00C04F79EFBC}") = "OnlineShop", "OnlineShop\OnlineShop.csproj", "{DB20B3AF-0565-4A1D-97B3-678FE2CB06A0}"
EndProject
Global
	GlobalSection(SolutionConfigurationPlatforms) = preSolution
		Debug|Any CPU = Debug|Any CPU
		Release|Any CPU = Release|Any CPU
	EndGlobalSection
	GlobalSection(ProjectConfigurationPlatforms) = postSolution
		{DB20B3AF-0565-4A1D-97B3-678FE2CB06A0}.Debug|Any CPU.ActiveCfg = Debug|Any CPU
		{DB20B3AF-0565-4A1D-97B3-678FE2CB06A0}.Debug|Any CPU.Build.0 = Debug|Any CPU
		{DB20B3AF-0565-4A1D-97B3-678FE2CB06A0}.Release|Any CPU.ActiveCfg = Release|Any CPU
		{DB20B3AF-0565-4A1D-97B3-678FE2CB06A0}.Release|Any CPU.Build.0 = Release|Any CPU
	EndGlobalSection
	GlobalSection(SolutionProperties) = preSolution
		HideSolutionNode = FALSE
	EndGlobalSection
	GlobalSection(ExtensibilityGlobals) = postSolution
		SolutionGuid = {B35D235F-9641-49D8-AB70-49F40F6F1466}
	EndGlobalSection
EndGlobal
